{
  "name": "codex-sidebar-quota",
  "version": "0.2.0",
  "lockfileVersion": 3,
  "requires": true,
  "packages": {
    "": {
      "name": "codex-sidebar-quota",
      "version": "0.2.0",
      "cpu": [
        "x64"
      ],
      "license": "MIT",
      "os": [
        "win32"
      ],
      "bin": {
        "codex-sidebar-quota": "bin/codex-sidebar-quota.mjs"
      },
      "engines": {
        "node": ">=22"
      }
    }
  }
}
